
Microsoft Visual Studio Solution File, Format Version 12.00
# Visual Studio Version 16
VisualStudioVersion = 16.0.31729.503
MinimumVisualStudioVersion = 10.0.40219.1
Project("{FAE04EC0-301F-11D3-BF4B-00C04F79EFBC}") = "UnitsConverter", "UnitsConverter\UnitsConverter.csproj", "{F3A856FC-1ADF-4119-9E41-2938290083D7}"
EndProject
Project("{FAE04EC0-301F-11D3-BF4B-00C04F79EFBC}") = "ConverterCore", "ConverterCore\ConverterCore.csproj", "{D6ADA06F-B227-4EAD-8908-B01D23364DAF}"
EndProject
Global
	GlobalSection(SolutionConfigurationPlatforms) = preSolution
		Debug|Any CPU = Debug|Any CPU
		Release|Any CPU = Release|Any CPU
	EndGlobalSection
	GlobalSection(ProjectConfigurationPlatforms) = postSolution
		{F3A856FC-1ADF-4119-9E41-2938290083D7}.Debug|Any CPU.ActiveCfg = Debug|Any CPU
		{F3A856FC-1ADF-4119-9E41-2938290083D7}.Debug|Any CPU.Build.0 = Debug|Any CPU
		{F3A856FC-1ADF-4119-9E41-2938290083D7}.Release|Any CPU.ActiveCfg = Release|Any CPU
		{F3A856FC-1ADF-4119-9E41-2938290083D7}.Release|Any CPU.Build.0 = Release|Any CPU
		{D6ADA06F-B227-4EAD-8908-B01D23364DAF}.Debug|Any CPU.ActiveCfg = Debug|Any CPU
		{D6ADA06F-B227-4EAD-8908-B01D23364DAF}.Debug|Any CPU.Build.0 = Debug|Any CPU
		{D6ADA06F-B227-4EAD-8908-B01D23364DAF}.Release|Any CPU.ActiveCfg = Release|Any CPU
		{D6ADA06F-B227-4EAD-8908-B01D23364DAF}.Release|Any CPU.Build.0 = Release|Any CPU
	EndGlobalSection
	GlobalSection(SolutionProperties) = preSolution
		HideSolutionNode = FALSE
	EndGlobalSection
	GlobalSection(ExtensibilityGlobals) = postSolution
		SolutionGuid = {76A13956-135C-4374-8AF3-9BA1FF887984}
	EndGlobalSection
EndGlobal
